
Microsoft Visual Studio Solution File, Format Version 12.00
# Visual Studio Version 17
VisualStudioVersion = 17.3.32811.315
MinimumVisualStudioVersion = 10.0.40219.1
Project("{FAE04EC0-301F-11D3-BF4B-00C04F79EFBC}") = "WebApp", "WebApp\WebApp.csproj", "{C0190708-7DC3-4EAF-83C6-9A056E775855}"
EndProject
Project("{FAE04EC0-301F-11D3-BF4B-00C04F79EFBC}") = "WebAPI", "WebAPI\WebAPI.csproj", "{3CFB14A3-63E5-4449-943D-E3E82D799ED1}"
EndProject
Global
	GlobalSection(SolutionConfigurationPlatforms) = preSolution
		Debug|Any CPU = Debug|Any CPU
		Release|Any CPU = Release|Any CPU
	EndGlobalSection
	GlobalSection(ProjectConfigurationPlatforms) = postSolution
		{C0190708-7DC3-4EAF-83C6-9A056E775855}.Debug|Any CPU.ActiveCfg = Debug|Any CPU
		{C0190708-7DC3-4EAF-83C6-9A056E775855}.Debug|Any CPU.Build.0 = Debug|Any CPU
		{C0190708-7DC3-4EAF-83C6-9A056E775855}.Release|Any CPU.ActiveCfg = Release|Any CPU
		{C0190708-7DC3-4EAF-83C6-9A056E775855}.Release|Any CPU.Build.0 = Release|Any CPU
		{3CFB14A3-63E5-4449-943D-E3E82D799ED1}.Debug|Any CPU.ActiveCfg = Debug|Any CPU
		{3CFB14A3-63E5-4449-943D-E3E82D799ED1}.Debug|Any CPU.Build.0 = Debug|Any CPU
		{3CFB14A3-63E5-4449-943D-E3E82D799ED1}.Release|Any CPU.ActiveCfg = Release|Any CPU
		{3CFB14A3-63E5-4449-943D-E3E82D799ED1}.Release|Any CPU.Build.0 = Release|Any CPU
	EndGlobalSection
	GlobalSection(SolutionProperties) = preSolution
		HideSolutionNode = FALSE
	EndGlobalSection
	GlobalSection(ExtensibilityGlobals) = postSolution
		SolutionGuid = {3BD5DA29-4673-4F58-8410-4990BE996BAF}
	EndGlobalSection
EndGlobal
